
Microsoft Visual Studio Solution File, Format Version 12.00
# Visual Studio Version 16
VisualStudioVersion = 16.0.31424.327
MinimumVisualStudioVersion = 10.0.40219.1
Project("{FAE04EC0-301F-11D3-BF4B-00C04F79EFBC}") = "ConsoleApp1", "ConsoleApp1.csproj", "{FDA187F6-6EFC-4EF1-9774-597C13790CC2}"
EndProject
Global
	GlobalSection(SolutionConfigurationPlatforms) = preSolution
		Debug|Any CPU = Debug|Any CPU
		Release|Any CPU = Release|Any CPU
	EndGlobalSection
	GlobalSection(ProjectConfigurationPlatforms) = postSolution
		{FDA187F6-6EFC-4EF1-9774-597C13790CC2}.Debug|Any CPU.ActiveCfg = Debug|Any CPU
		{FDA187F6-6EFC-4EF1-9774-597C13790CC2}.Debug|Any CPU.Build.0 = Debug|Any CPU
		{FDA187F6-6EFC-4EF1-9774-597C13790CC2}.Release|Any CPU.ActiveCfg = Release|Any CPU
		{FDA187F6-6EFC-4EF1-9774-597C13790CC2}.Release|Any CPU.Build.0 = Release|Any CPU
	EndGlobalSection
	GlobalSection(SolutionProperties) = preSolution
		HideSolutionNode = FALSE
	EndGlobalSection
	GlobalSection(ExtensibilityGlobals) = postSolution
		SolutionGuid = {F3F0FBC6-EA58-4221-AC22-9D57F78D011B}
	EndGlobalSection
EndGlobal
